
Microsoft Visual Studio Solution File, Format Version 12.00
# Visual Studio 14
VisualStudioVersion = 14.0.25420.1
MinimumVisualStudioVersion = 10.0.40219.1
Project("{FAE04EC0-301F-11D3-BF4B-00C04F79EFBC}") = "Caculator", "Caculator\Caculator.csproj", "{57A52641-D4CD-4E1F-8669-F73B9E47A7B7}"
EndProject
Project("{FAE04EC0-301F-11D3-BF4B-00C04F79EFBC}") = "CalculatorTester", "CalculatorTester\CalculatorTester.csproj", "{EC64AE54-294B-4F42-A0FE-84F174C28CAD}"
EndProject
Global
	GlobalSection(SolutionConfigurationPlatforms) = preSolution
		Debug|Any CPU = Debug|Any CPU
		Release|Any CPU = Release|Any CPU
	EndGlobalSection
	GlobalSection(ProjectConfigurationPlatforms) = postSolution
		{57A52641-D4CD-4E1F-8669-F73B9E47A7B7}.Debug|Any CPU.ActiveCfg = Debug|Any CPU
		{57A52641-D4CD-4E1F-8669-F73B9E47A7B7}.Debug|Any CPU.Build.0 = Debug|Any CPU
		{57A52641-D4CD-4E1F-8669-F73B9E47A7B7}.Release|Any CPU.ActiveCfg = Release|Any CPU
		{57A52641-D4CD-4E1F-8669-F73B9E47A7B7}.Release|Any CPU.Build.0 = Release|Any CPU
		{EC64AE54-294B-4F42-A0FE-84F174C28CAD}.Debug|Any CPU.ActiveCfg = Debug|Any CPU
		{EC64AE54-294B-4F42-A0FE-84F174C28CAD}.Debug|Any CPU.Build.0 = Debug|Any CPU
		{EC64AE54-294B-4F42-A0FE-84F174C28CAD}.Release|Any CPU.ActiveCfg = Release|Any CPU
		{EC64AE54-294B-4F42-A0FE-84F174C28CAD}.Release|Any CPU.Build.0 = Release|Any CPU
	EndGlobalSection
	GlobalSection(SolutionProperties) = preSolution
		HideSolutionNode = FALSE
	EndGlobalSection
EndGlobal
